# THIS IS AN AUTOGENERATED FILE. DO NOT EDIT THIS FILE DIRECTLY.
# yarn lockfile v1
bluebird@3.x.x:
  version "3.4.6"
  resolved "https://registry.yarnpkg.com/bluebird/-/bluebird-3.4.6.tgz#01da8d821d87813d158967e743d5fe6c62cf8c0f"

lodash@4.x.x:
  version "4.17.0"
  resolved "https://registry.yarnpkg.com/lodash/-/lodash-4.17.0.tgz#93f4466e5ab73e5a1f1216c34eea11535f0a8df5"

opensubtitles-api:
  version "3.3.0"
  resolved "https://registry.yarnpkg.com/opensubtitles-api/-/opensubtitles-api-3.3.0.tgz#84dc1ddd9e18f36d18636f14ef45e64b32be21cb"
  dependencies:
    bluebird "3.x.x"
    lodash "4.x.x"
    urijs "1.x.x"
    xmlrpc "1.x.x"

sax@1.2.x:
  version "1.2.1"
  resolved "https://registry.yarnpkg.com/sax/-/sax-1.2.1.tgz#7b8e656190b228e81a66aea748480d828cd2d37a"

urijs@1.x.x:
  version "1.18.2"
  resolved "https://registry.yarnpkg.com/urijs/-/urijs-1.18.2.tgz#c2791fa9fb52f4603caf36032d9666432a1dda33"

xmlbuilder@8.2.x:
  version "8.2.2"
  resolved "https://registry.yarnpkg.com/xmlbuilder/-/xmlbuilder-8.2.2.tgz#69248673410b4ba42e1a6136551d2922335aa773"

xmlrpc@1.x.x:
  version "1.3.2"
  resolved "https://registry.yarnpkg.com/xmlrpc/-/xmlrpc-1.3.2.tgz#26b2ea347848d028aac7e7514b5351976de3e83d"
  dependencies:
    sax "1.2.x"
    xmlbuilder "8.2.x"

